
Microsoft Visual Studio Solution File, Format Version 12.00
# Visual Studio Version 16
VisualStudioVersion = 16.0.28822.285
MinimumVisualStudioVersion = 10.0.40219.1
Project("{FAE04EC0-301F-11D3-BF4B-00C04F79EFBC}") = "FaceRecognition.Android", "FaceRecognition\FaceRecognition.Android\FaceRecognition.Android.csproj", "{24CE3C36-16B9-426D-AA0C-5961ECF8D88C}"
EndProject
Project("{FAE04EC0-301F-11D3-BF4B-00C04F79EFBC}") = "FaceRecognition.UWP", "FaceRecognition\FaceRecognition.UWP\FaceRecognition.UWP.csproj", "{916E0DAC-C521-45E3-BE2D-34FB2DB81E3A}"
EndProject
Project("{9A19103F-16F7-4668-BE54-9A1E7A4F7556}") = "FaceRecognition", "FaceRecognition\FaceRecognition\FaceRecognition.csproj", "{ED555B09-BFE6-4969-B79D-BB2D45311121}"
EndProject
Global
	GlobalSection(SolutionConfigurationPlatforms) = preSolution
		Debug|Any CPU = Debug|Any CPU
		Debug|ARM = Debug|ARM
		Debug|x64 = Debug|x64
		Debug|x86 = Debug|x86
		Release|Any CPU = Release|Any CPU
		Release|ARM = Release|ARM
		Release|x64 = Release|x64
		Release|x86 = Release|x86
	EndGlobalSection
	GlobalSection(ProjectConfigurationPlatforms) = postSolution
		{24CE3C36-16B9-426D-AA0C-5961ECF8D88C}.Debug|Any CPU.ActiveCfg = Debug|Any CPU
		{24CE3C36-16B9-426D-AA0C-5961ECF8D88C}.Debug|Any CPU.Build.0 = Debug|Any CPU
		{24CE3C36-16B9-426D-AA0C-5961ECF8D88C}.Debug|Any CPU.Deploy.0 = Debug|Any CPU
		{24CE3C36-16B9-426D-AA0C-5961ECF8D88C}.Debug|ARM.ActiveCfg = Debug|Any CPU
		{24CE3C36-16B9-426D-AA0C-5961ECF8D88C}.Debug|ARM.Build.0 = Debug|Any CPU
		{24CE3C36-16B9-426D-AA0C-5961ECF8D88C}.Debug|ARM.Deploy.0 = Debug|Any CPU
		{24CE3C36-16B9-426D-AA0C-5961ECF8D88C}.Debug|x64.ActiveCfg = Debug|Any CPU
		{24CE3C36-16B9-426D-AA0C-5961ECF8D88C}.Debug|x64.Build.0 = Debug|Any CPU
		{24CE3C36-16B9-426D-AA0C-5961ECF8D88C}.Debug|x64.Deploy.0 = Debug|Any CPU
		{24CE3C36-16B9-426D-AA0C-5961ECF8D88C}.Debug|x86.ActiveCfg = Debug|Any CPU
		{24CE3C36-16B9-426D-AA0C-5961ECF8D88C}.Debug|x86.Build.0 = Debug|Any CPU
		{24CE3C36-16B9-426D-AA0C-5961ECF8D88C}.Debug|x86.Deploy.0 = Debug|Any CPU
		{24CE3C36-16B9-426D-AA0C-5961ECF8D88C}.Release|Any CPU.ActiveCfg = Release|Any CPU
		{24CE3C36-16B9-426D-AA0C-5961ECF8D88C}.Release|Any CPU.Build.0 = Release|Any CPU
		{24CE3C36-16B9-426D-AA0C-5961ECF8D88C}.Release|Any CPU.Deploy.0 = Release|Any CPU
		{24CE3C36-16B9-426D-AA0C-5961ECF8D88C}.Release|ARM.ActiveCfg = Release|Any CPU
		{24CE3C36-16B9-426D-AA0C-5961ECF8D88C}.Release|ARM.Build.0 = Release|Any CPU
		{24CE3C36-16B9-426D-AA0C-5961ECF8D88C}.Release|ARM.Deploy.0 = Release|Any CPU
		{24CE3C36-16B9-426D-AA0C-5961ECF8D88C}.Release|x64.ActiveCfg = Release|Any CPU
		{24CE3C36-16B9-426D-AA0C-5961ECF8D88C}.Release|x64.Build.0 = Release|Any CPU
		{24CE3C36-16B9-426D-AA0C-5961ECF8D88C}.Release|x64.Deploy.0 = Release|Any CPU
		{24CE3C36-16B9-426D-AA0C-5961ECF8D88C}.Release|x86.ActiveCfg = Release|Any CPU
		{24CE3C36-16B9-426D-AA0C-5961ECF8D88C}.Release|x86.Build.0 = Release|Any CPU
		{24CE3C36-16B9-426D-AA0C-5961ECF8D88C}.Release|x86.Deploy.0 = Release|Any CPU
		{916E0DAC-C521-45E3-BE2D-34FB2DB81E3A}.Debug|Any CPU.ActiveCfg = Debug|x86
		{916E0DAC-C521-45E3-BE2D-34FB2DB81E3A}.Debug|Any CPU.Build.0 = Debug|x86
		{916E0DAC-C521-45E3-BE2D-34FB2DB81E3A}.Debug|Any CPU.Deploy.0 = Debug|x86
		{916E0DAC-C521-45E3-BE2D-34FB2DB81E3A}.Debug|ARM.ActiveCfg = Debug|ARM
		{916E0DAC-C521-45E3-BE2D-34FB2DB81E3A}.Debug|ARM.Build.0 = Debug|ARM
		{916E0DAC-C521-45E3-BE2D-34FB2DB81E3A}.Debug|ARM.Deploy.0 = Debug|ARM
		{916E0DAC-C521-45E3-BE2D-34FB2DB81E3A}.Debug|x64.ActiveCfg = Debug|x64
		{916E0DAC-C521-45E3-BE2D-34FB2DB81E3A}.Debug|x64.Build.0 = Debug|x64
		{916E0DAC-C521-45E3-BE2D-34FB2DB81E3A}.Debug|x64.Deploy.0 = Debug|x64
		{916E0DAC-C521-45E3-BE2D-34FB2DB81E3A}.Debug|x86.ActiveCfg = Debug|x86
		{916E0DAC-C521-45E3-BE2D-34FB2DB81E3A}.Debug|x86.Build.0 = Debug|x86
		{916E0DAC-C521-45E3-BE2D-34FB2DB81E3A}.Debug|x86.Deploy.0 = Debug|x86
		{916E0DAC-C521-45E3-BE2D-34FB2DB81E3A}.Release|Any CPU.ActiveCfg = Release|x86
		{916E0DAC-C521-45E3-BE2D-34FB2DB81E3A}.Release|Any CPU.Build.0 = Release|x86
		{916E0DAC-C521-45E3-BE2D-34FB2DB81E3A}.Release|Any CPU.Deploy.0 = Release|x86
		{916E0DAC-C521-45E3-BE2D-34FB2DB81E3A}.Release|ARM.ActiveCfg = Release|ARM
		{916E0DAC-C521-45E3-BE2D-34FB2DB81E3A}.Release|ARM.Build.0 = Release|ARM
		{916E0DAC-C521-45E3-BE2D-34FB2DB81E3A}.Release|ARM.Deploy.0 = Release|ARM
		{916E0DAC-C521-45E3-BE2D-34FB2DB81E3A}.Release|x64.ActiveCfg = Release|x64
		{916E0DAC-C521-45E3-BE2D-34FB2DB81E3A}.Release|x64.Build.0 = Release|x64
		{916E0DAC-C521-45E3-BE2D-34FB2DB81E3A}.Release|x64.Deploy.0 = Release|x64
		{916E0DAC-C521-45E3-BE2D-34FB2DB81E3A}.Release|x86.ActiveCfg = Release|x86
		{916E0DAC-C521-45E3-BE2D-34FB2DB81E3A}.Release|x86.Build.0 = Release|x86
		{916E0DAC-C521-45E3-BE2D-34FB2DB81E3A}.Release|x86.Deploy.0 = Release|x86
		{ED555B09-BFE6-4969-B79D-BB2D45311121}.Debug|Any CPU.ActiveCfg = Debug|Any CPU
		{ED555B09-BFE6-4969-B79D-BB2D45311121}.Debug|Any CPU.Build.0 = Debug|Any CPU
		{ED555B09-BFE6-4969-B79D-BB2D45311121}.Debug|Any CPU.Deploy.0 = Debug|Any CPU
		{ED555B09-BFE6-4969-B79D-BB2D45311121}.Debug|ARM.ActiveCfg = Debug|Any CPU
		{ED555B09-BFE6-4969-B79D-BB2D45311121}.Debug|ARM.Build.0 = Debug|Any CPU
		{ED555B09-BFE6-4969-B79D-BB2D45311121}.Debug|ARM.Deploy.0 = Debug|Any CPU
		{ED555B09-BFE6-4969-B79D-BB2D45311121}.Debug|x64.ActiveCfg = Debug|Any CPU
		{ED555B09-BFE6-4969-B79D-BB2D45311121}.Debug|x64.Build.0 = Debug|Any CPU
		{ED555B09-BFE6-4969-B79D-BB2D45311121}.Debug|x64.Deploy.0 = Debug|Any CPU
		{ED555B09-BFE6-4969-B79D-BB2D45311121}.Debug|x86.ActiveCfg = Debug|Any CPU
		{ED555B09-BFE6-4969-B79D-BB2D45311121}.Debug|x86.Build.0 = Debug|Any CPU
		{ED555B09-BFE6-4969-B79D-BB2D45311121}.Debug|x86.Deploy.0 = Debug|Any CPU
		{ED555B09-BFE6-4969-B79D-BB2D45311121}.Release|Any CPU.ActiveCfg = Release|Any CPU
		{ED555B09-BFE6-4969-B79D-BB2D45311121}.Release|Any CPU.Build.0 = Release|Any CPU
		{ED555B09-BFE6-4969-B79D-BB2D45311121}.Release|Any CPU.Deploy.0 = Release|Any CPU
		{ED555B09-BFE6-4969-B79D-BB2D45311121}.Release|ARM.ActiveCfg = Release|Any CPU
		{ED555B09-BFE6-4969-B79D-BB2D45311121}.Release|ARM.Build.0 = Release|Any CPU
		{ED555B09-BFE6-4969-B79D-BB2D45311121}.Release|ARM.Deploy.0 = Release|Any CPU
		{ED555B09-BFE6-4969-B79D-BB2D45311121}.Release|x64.ActiveCfg = Release|Any CPU
		{ED555B09-BFE6-4969-B79D-BB2D45311121}.Release|x64.Build.0 = Release|Any CPU
		{ED555B09-BFE6-4969-B79D-BB2D45311121}.Release|x64.Deploy.0 = Release|Any CPU
		{ED555B09-BFE6-4969-B79D-BB2D45311121}.Release|x86.ActiveCfg = Release|Any CPU
		{ED555B09-BFE6-4969-B79D-BB2D45311121}.Release|x86.Build.0 = Release|Any CPU
		{ED555B09-BFE6-4969-B79D-BB2D45311121}.Release|x86.Deploy.0 = Release|Any CPU
	EndGlobalSection
	GlobalSection(SolutionProperties) = preSolution
		HideSolutionNode = FALSE
	EndGlobalSection
	GlobalSection(ExtensibilityGlobals) = postSolution
		SolutionGuid = {5058D1F3-137F-4C3B-B8B6-4B462A58D6B6}
	EndGlobalSection
EndGlobal
